{
  "name": "tvt-ironcurtain",
  "version": "0.0.1",
  "lockfileVersion": 1,
  "requires": true,
  "dependencies": {
    "grad-advancedlockpicking": {
      "version": "0.0.1",
      "resolved": "https://registry.npmjs.org/grad-advancedlockpicking/-/grad-advancedlockpicking-0.0.1.tgz",
      "integrity": "sha1-82sA65GzyGA+KbpG5n0wQjPu8iQ="
    },
    "grad-civs": {
      "version": "2.0.0",
      "resolved": "https://registry.npmjs.org/grad-civs/-/grad-civs-2.0.0.tgz",
      "integrity": "sha512-ks6O9pxwa1fhLoXgzbOr4aO0GKDCPdD7HfWuBiUYUAipljoyJzkL0TeFuwoY+MqJqBGvY3iD8cPN7a3/TVNsAQ=="
    },
    "grad-gpstracker": {
      "version": "0.2.0",
      "resolved": "https://registry.npmjs.org/grad-gpstracker/-/grad-gpstracker-0.2.0.tgz",
      "integrity": "sha1-CxKl2W123R1jg1GxhM4j/LneObw="
    },
    "grad-passport": {
      "version": "0.0.3",
      "resolved": "https://registry.npmjs.org/grad-passport/-/grad-passport-0.0.3.tgz",
      "integrity": "sha512-E38p0K63nczhn77VTmTOtQR+a+3xW38FywlANxY/sBUIlj2YZA1RMNFrsT/U7OnBuSUzx71+2XPJJs6AjeK0ww=="
    }
  }
}
